
Microsoft Visual Studio Solution File, Format Version 11.00
# Visual Studio 2010
Project("{E24C65DC-7377-472B-9ABA-BC803B73C61A}") = "tweetz3.gadget", ".", "{E946D277-A8CB-439C-B22C-F9AFC957ED32}"
	ProjectSection(WebsiteProperties) = preProject
		TargetFrameworkMoniker = ".NETFramework,Version%3Dv3.5"
		Debug.AspNetCompiler.VirtualPath = "/tweetz31"
		Debug.AspNetCompiler.PhysicalPath = "..\tweetz3.gadget\"
		Debug.AspNetCompiler.TargetPath = "PrecompiledWeb\tweetz31\"
		Debug.AspNetCompiler.Updateable = "true"
		Debug.AspNetCompiler.ForceOverwrite = "true"
		Debug.AspNetCompiler.FixedNames = "false"
		Debug.AspNetCompiler.Debug = "True"
		Release.AspNetCompiler.VirtualPath = "/tweetz31"
		Release.AspNetCompiler.PhysicalPath = "..\tweetz3.gadget\"
		Release.AspNetCompiler.TargetPath = "PrecompiledWeb\tweetz31\"
		Release.AspNetCompiler.Updateable = "true"
		Release.AspNetCompiler.ForceOverwrite = "true"
		Release.AspNetCompiler.FixedNames = "false"
		Release.AspNetCompiler.Debug = "False"
		VWDPort = "59775"
	EndProjectSection
EndProject
Global
	GlobalSection(SolutionConfigurationPlatforms) = preSolution
		Debug|Any CPU = Debug|Any CPU
	EndGlobalSection
	GlobalSection(ProjectConfigurationPlatforms) = postSolution
		{E946D277-A8CB-439C-B22C-F9AFC957ED32}.Debug|Any CPU.ActiveCfg = Debug|Any CPU
		{E946D277-A8CB-439C-B22C-F9AFC957ED32}.Debug|Any CPU.Build.0 = Debug|Any CPU
	EndGlobalSection
	GlobalSection(SolutionProperties) = preSolution
		HideSolutionNode = FALSE
	EndGlobalSection
EndGlobal
